
Microsoft Visual Studio Solution File, Format Version 12.00
# Visual Studio Version 17
VisualStudioVersion = 17.7.34024.191
MinimumVisualStudioVersion = 10.0.40219.1
Project("{FAE04EC0-301F-11D3-BF4B-00C04F79EFBC}") = "TestProject", "TestProject.csproj", "{A52DC037-16F7-4E5E-BDE1-2EC091E36726}"
EndProject
Global
	GlobalSection(SolutionConfigurationPlatforms) = preSolution
		Debug|Any CPU = Debug|Any CPU
		Release|Any CPU = Release|Any CPU
	EndGlobalSection
	GlobalSection(ProjectConfigurationPlatforms) = postSolution
		{A52DC037-16F7-4E5E-BDE1-2EC091E36726}.Debug|Any CPU.ActiveCfg = Debug|Any CPU
		{A52DC037-16F7-4E5E-BDE1-2EC091E36726}.Debug|Any CPU.Build.0 = Debug|Any CPU
		{A52DC037-16F7-4E5E-BDE1-2EC091E36726}.Release|Any CPU.ActiveCfg = Release|Any CPU
		{A52DC037-16F7-4E5E-BDE1-2EC091E36726}.Release|Any CPU.Build.0 = Release|Any CPU
	EndGlobalSection
	GlobalSection(SolutionProperties) = preSolution
		HideSolutionNode = FALSE
	EndGlobalSection
	GlobalSection(ExtensibilityGlobals) = postSolution
		SolutionGuid = {53D40342-67F0-49BE-83C7-4795A9941D85}
	EndGlobalSection
EndGlobal
